{
    "_readme": [
        "This file locks the dependencies of your project to a known state",
        "Read more about it at https://getcomposer.org/doc/01-basic-usage.md#composer-lock-the-lock-file",
        "This file is @generated automatically"
    ],
    "content-hash": "462773a1565cc800b5d4485b962d1250",
    "packages": [
        {
            "name": "masterforweb/imgurl-kuri",
            "version": "dev-master",
            "source": {
                "type": "git",
                "url": "https://github.com/masterforweb/imgurl-kuri",
                "reference": "ccab0267c1debea14c26f4832d5896705303a01c"
            },
            "require": {
                "php": ">=5.3.0"
            },
            "type": "library",
            "autoload": {
                "files": [
                    "imgurl.php"
                ]
            },
            "license": [
                "MIT"
            ],
            "description": "module imgurl server",
            "homepage": "https://github.com/masterforweb/imgurl-kuri",
            "keywords": [
                "images",
                "php"
            ],
            "time": "2019-04-29T13:22:38+00:00"
        },
        {
            "name": "masterforweb/kuri",
            "version": "dev-master",
            "source": {
                "type": "git",
                "url": "https://github.com/masterforweb/kuri",
                "reference": "a6a33a1596f506d5d03a2738f221318d8d777576"
            },
            "require": {
                "php": ">=5.2"
            },
            "type": "library",
            "autoload": {
                "files": [
                    "_kuri.php"
                ]
            },
            "license": [
                "MIT"
            ],
            "authors": [
                {
                    "name": "AK Delfin",
                    "email": "masterforweb@hotmail.com"
                }
            ],
            "description": "Autorouting without regular. MVC standart role: controller/action/params. Quick start",
            "homepage": "https://github.com/masterforweb/_kuri",
            "keywords": [
                "microframework",
                "php quick start",
                "rest",
                "router"
            ],
            "time": "2019-04-28T06:27:05+00:00"
        },
        {
            "name": "masterforweb/thumbcache",
            "version": "dev-master",
            "source": {
                "type": "git",
                "url": "https://github.com/masterforweb/thumbcache",
                "reference": "3f9251be05c49353338efe6da04afe09238e0689"
            },
            "require": {
                "php": ">=5.2.0"
            },
            "type": "library",
            "autoload": {
                "files": [
                    "thumbcache.php"
                ]
            },
            "license": [
                "MIT"
            ],
            "description": "thumbcache jpeg",
            "homepage": "https://github.com/akdelf/thumbcache",
            "keywords": [
                "thumb images"
            ],
            "time": "2019-04-29T13:20:44+00:00"
        }
    ],
    "packages-dev": [],
    "aliases": [],
    "minimum-stability": "stable",
    "stability-flags": {
        "masterforweb/kuri": 20,
        "masterforweb/thumbcache": 20,
        "masterforweb/imgurl-kuri": 20
    },
    "prefer-stable": false,
    "prefer-lowest": false,
    "platform": {
        "php": ">=5.3.0"
    },
    "platform-dev": []
}
